
Microsoft Visual Studio Solution File, Format Version 12.00
# Visual Studio Version 17
VisualStudioVersion = 17.5.33516.290
MinimumVisualStudioVersion = 10.0.40219.1
Project("{888888A0-9F3D-457C-B088-3A5042F75D52}") = "Python_EX-6", "Python_EX-6\Python_EX-6.pyproj", "{CCCB62A6-30C8-4752-B783-FAA8D378F7BE}"
EndProject
Global
	GlobalSection(SolutionConfigurationPlatforms) = preSolution
		Debug|Any CPU = Debug|Any CPU
		Release|Any CPU = Release|Any CPU
	EndGlobalSection
	GlobalSection(ProjectConfigurationPlatforms) = postSolution
		{CCCB62A6-30C8-4752-B783-FAA8D378F7BE}.Debug|Any CPU.ActiveCfg = Debug|Any CPU
		{CCCB62A6-30C8-4752-B783-FAA8D378F7BE}.Release|Any CPU.ActiveCfg = Release|Any CPU
	EndGlobalSection
	GlobalSection(SolutionProperties) = preSolution
		HideSolutionNode = FALSE
	EndGlobalSection
	GlobalSection(ExtensibilityGlobals) = postSolution
		SolutionGuid = {B32FF785-5EBA-4D4C-8A2E-3EAB4BD8865D}
	EndGlobalSection
EndGlobal
